
Microsoft Visual Studio Solution File, Format Version 12.00
# Visual Studio Version 16
VisualStudioVersion = 16.0.30413.136
MinimumVisualStudioVersion = 10.0.40219.1
Project("{9A19103F-16F7-4668-BE54-9A1E7A4F7556}") = "TestApp", "TestApp\TestApp.csproj", "{B50A050C-4DC2-462F-858C-907DC9A0B35F}"
EndProject
Project("{9A19103F-16F7-4668-BE54-9A1E7A4F7556}") = "MultipleDatabases.DAL", "MultipleDatabases.DAL\MultipleDatabases.DAL.csproj", "{582CFAAD-C199-439B-9F9F-01F33FE27CBC}"
EndProject
Project("{FAE04EC0-301F-11D3-BF4B-00C04F79EFBC}") = "DbMigrator", "DbMigrator\DbMigrator.csproj", "{7095FCB4-655A-4C6D-80F9-9D16EA2B43EE}"
EndProject
Global
	GlobalSection(SolutionConfigurationPlatforms) = preSolution
		Debug|Any CPU = Debug|Any CPU
		Release|Any CPU = Release|Any CPU
	EndGlobalSection
	GlobalSection(ProjectConfigurationPlatforms) = postSolution
		{B50A050C-4DC2-462F-858C-907DC9A0B35F}.Debug|Any CPU.ActiveCfg = Debug|Any CPU
		{B50A050C-4DC2-462F-858C-907DC9A0B35F}.Debug|Any CPU.Build.0 = Debug|Any CPU
		{B50A050C-4DC2-462F-858C-907DC9A0B35F}.Release|Any CPU.ActiveCfg = Release|Any CPU
		{B50A050C-4DC2-462F-858C-907DC9A0B35F}.Release|Any CPU.Build.0 = Release|Any CPU
		{582CFAAD-C199-439B-9F9F-01F33FE27CBC}.Debug|Any CPU.ActiveCfg = Debug|Any CPU
		{582CFAAD-C199-439B-9F9F-01F33FE27CBC}.Debug|Any CPU.Build.0 = Debug|Any CPU
		{582CFAAD-C199-439B-9F9F-01F33FE27CBC}.Release|Any CPU.ActiveCfg = Release|Any CPU
		{582CFAAD-C199-439B-9F9F-01F33FE27CBC}.Release|Any CPU.Build.0 = Release|Any CPU
		{7095FCB4-655A-4C6D-80F9-9D16EA2B43EE}.Debug|Any CPU.ActiveCfg = Debug|Any CPU
		{7095FCB4-655A-4C6D-80F9-9D16EA2B43EE}.Debug|Any CPU.Build.0 = Debug|Any CPU
		{7095FCB4-655A-4C6D-80F9-9D16EA2B43EE}.Release|Any CPU.ActiveCfg = Release|Any CPU
		{7095FCB4-655A-4C6D-80F9-9D16EA2B43EE}.Release|Any CPU.Build.0 = Release|Any CPU
	EndGlobalSection
	GlobalSection(SolutionProperties) = preSolution
		HideSolutionNode = FALSE
	EndGlobalSection
	GlobalSection(ExtensibilityGlobals) = postSolution
		SolutionGuid = {B4C3AF40-22E5-4AE6-8627-5F95C742ED1B}
	EndGlobalSection
EndGlobal
